{
  "name": "odin-knights-travails",
  "lockfileVersion": 3,
  "requires": true,
  "packages": {
    "": {
      "dependencies": {
        "linked-deque": "^1.0.4"
      }
    },
    "node_modules/linked-deque": {
      "version": "1.0.4",
      "resolved": "https://registry.npmjs.org/linked-deque/-/linked-deque-1.0.4.tgz",
      "integrity": "sha512-fy6seiwo0N+kk8BKp2AM3OI5I+yS1Vo8+3bWiuen5z0WKFm5Cj0eig2xfe1ykwX3DDHLdeFYhjTOhT/eNzRvaw==",
      "license": "ISC"
    }
  }
}
